Microsoft Visual Studio Solution File, Format Version 12.00
# Visual Studio Version 17
VisualStudioVersion = 17.5.2.0
MinimumVisualStudioVersion = 10.0.40219.1
Project("{2150E333-8FDC-42A3-9474-1A3956D46DE8}") = "web", "web", "{256F4E96-6A73-9ABE-786F-840C672A50F4}"
EndProject
Project("{2150E333-8FDC-42A3-9474-1A3956D46DE8}") = "api", "api", "{F965A1B1-D6BC-C014-30AA-28F00427002A}"
EndProject
Project("{FAE04EC0-301F-11D3-BF4B-00C04F79EFBC}") = "CopCarPasskeyApi", "web\api\CopCarPasskeyApi.csproj", "{4635643D-7FA9-F326-7903-DABEE3AFDDBE}"
EndProject
Global
	GlobalSection(SolutionConfigurationPlatforms) = preSolution
		Debug|Any CPU = Debug|Any CPU
		Release|Any CPU = Release|Any CPU
	EndGlobalSection
	GlobalSection(ProjectConfigurationPlatforms) = postSolution
		{4635643D-7FA9-F326-7903-DABEE3AFDDBE}.Debug|Any CPU.ActiveCfg = Debug|Any CPU
		{4635643D-7FA9-F326-7903-DABEE3AFDDBE}.Debug|Any CPU.Build.0 = Debug|Any CPU
		{4635643D-7FA9-F326-7903-DABEE3AFDDBE}.Release|Any CPU.ActiveCfg = Release|Any CPU
		{4635643D-7FA9-F326-7903-DABEE3AFDDBE}.Release|Any CPU.Build.0 = Release|Any CPU
	EndGlobalSection
	GlobalSection(SolutionProperties) = preSolution
		HideSolutionNode = FALSE
	EndGlobalSection
	GlobalSection(NestedProjects) = preSolution
		{F965A1B1-D6BC-C014-30AA-28F00427002A} = {256F4E96-6A73-9ABE-786F-840C672A50F4}
		{4635643D-7FA9-F326-7903-DABEE3AFDDBE} = {F965A1B1-D6BC-C014-30AA-28F00427002A}
	EndGlobalSection
	GlobalSection(ExtensibilityGlobals) = postSolution
		SolutionGuid = {C2159C0D-1260-4C44-B67F-516D0F2E420B}
	EndGlobalSection
EndGlobal
