// !$*UTF8*$!
{
	archiveVersion = 1;
	classes = {
	};
	objectVersion = 77;
	objects = {

/* Begin PBXBuildFile section */
		01962255BCCE86E9F79EF52C /* Constants.swift in Sources */ = {isa = PBXBuildFile; fileRef = 0825D40CB77D273018E8718C /* Constants.swift */; };
		1360A2D08783792A9D84D9CA /* SettingsView.swift in Sources */ = {isa = PBXBuildFile; fileRef = 8DFF2BE661EFA55C6A52F3C9 /* SettingsView.swift */; };
		33584822A9E88E87D022C54D /* SecretStore.swift in Sources */ = {isa = PBXBuildFile; fileRef = 326B33A7251F181F5C46552B /* SecretStore.swift */; };
		38CDD4AFE7A582152087AD93 /* CopCarPasskeyApp.swift in Sources */ = {isa = PBXBuildFile; fileRef = 67E0425F5BFC54AB37D7B80A /* CopCarPasskeyApp.swift */; };
		572616A02F9D01A8006D7256 /* ProvisioningManager.swift in Sources */ = {isa = PBXBuildFile; fileRef = 5726169F2F9D01A8006D7256 /* ProvisioningManager.swift */; };
		572616A32F9D01E9006D7256 /* SessionKeys.swift in Sources */ = {isa = PBXBuildFile; fileRef = 572616A22F9D01E9006D7256 /* SessionKeys.swift */; };
		572616A42F9D01E9006D7256 /* SessionCrypto.swift in Sources */ = {isa = PBXBuildFile; fileRef = 572616A12F9D01E9006D7256 /* SessionCrypto.swift */; };
		5796019D2F9B90B3001108DF /* Assets 2.xcassets in Resources */ = {isa = PBXBuildFile; fileRef = 5796019B2F9B0428001108DF /* Assets 2.xcassets */; };
		772E6D552B395E2F4EA80264 /* ContentView.swift in Sources */ = {isa = PBXBuildFile; fileRef = 92A298979DC746A1EDF15D1D /* ContentView.swift */; };
		7BFB8C94F598A0140FF6CBE7 /* EnrollmentManager.swift in Sources */ = {isa = PBXBuildFile; fileRef = D7ED719BB7ACBEA636B1AEED /* EnrollmentManager.swift */; };
		8A666C858598E1BE5540F04B /* HMACAuth.swift in Sources */ = {isa = PBXBuildFile; fileRef = 040C521D5B09690F70C3FE8C /* HMACAuth.swift */; };
		AB0C7157C662072236F5FFC9 /* WatchSyncManager.swift in Sources */ = {isa = PBXBuildFile; fileRef = 74E62C8E96E5B021E0C71485 /* WatchSyncManager.swift */; };
		AB359BAE2FA41F7D00FA6A13 /* QRScannerView.swift in Sources */ = {isa = PBXBuildFile; fileRef = AB359BAD2FA41F7D00FA6A13 /* QRScannerView.swift */; };
		AB64F0602FAC222100995749 /* iCloudBackup.swift in Sources */ = {isa = PBXBuildFile; fileRef = AB64F05F2FAC222100995749 /* iCloudBackup.swift */; };
		ABE4EE192FA680620023F74F /* PasskeyCentral.swift in Sources */ = {isa = PBXBuildFile; fileRef = ABE4EE182FA680620023F74F /* PasskeyCentral.swift */; };
		F7A63B61059369021E902A89 /* PasskeyPeripheral.swift in Sources */ = {isa = PBXBuildFile; fileRef = A414CA326D5F34F11652923B /* PasskeyPeripheral.swift */; };
/* End PBXBuildFile section */

/* Begin PBXFileReference section */
		040C521D5B09690F70C3FE8C /* HMACAuth.swift */ = {isa = PBXFileReference; lastKnownFileType = sourcecode.swift; path = HMACAuth.swift; sourceTree = "<group>"; };
		0825D40CB77D273018E8718C /* Constants.swift */ = {isa = PBXFileReference; lastKnownFileType = sourcecode.swift; path = Constants.swift; sourceTree = "<group>"; };
		2E33839380A5C51A42F09842 /* Info.plist */ = {isa = PBXFileReference; lastKnownFileType = text.plist; path = Info.plist; sourceTree = "<group>"; };
		326B33A7251F181F5C46552B /* SecretStore.swift */ = {isa = PBXFileReference; lastKnownFileType = sourcecode.swift; path = SecretStore.swift; sourceTree = "<group>"; };
		447250360120E41B4B188C39 /* CopCarPasskey.app */ = {isa = PBXFileReference; explicitFileType = wrapper.application; includeInIndex = 0; path = CopCarPasskey.app; sourceTree = BUILT_PRODUCTS_DIR; };
		5726169F2F9D01A8006D7256 /* ProvisioningManager.swift */ = {isa = PBXFileReference; lastKnownFileType = sourcecode.swift; path = ProvisioningManager.swift; sourceTree = "<group>"; };
		572616A12F9D01E9006D7256 /* SessionCrypto.swift */ = {isa = PBXFileReference; lastKnownFileType = sourcecode.swift; path = SessionCrypto.swift; sourceTree = "<group>"; };
		572616A22F9D01E9006D7256 /* SessionKeys.swift */ = {isa = PBXFileReference; lastKnownFileType = sourcecode.swift; path = SessionKeys.swift; sourceTree = "<group>"; };
		5796019B2F9B0428001108DF /* Assets 2.xcassets */ = {isa = PBXFileReference; lastKnownFileType = folder.assetcatalog; path = "Assets 2.xcassets"; sourceTree = "<group>"; };
		67E0425F5BFC54AB37D7B80A /* CopCarPasskeyApp.swift */ = {isa = PBXFileReference; lastKnownFileType = sourcecode.swift; path = CopCarPasskeyApp.swift; sourceTree = "<group>"; };
		74E62C8E96E5B021E0C71485 /* WatchSyncManager.swift */ = {isa = PBXFileReference; lastKnownFileType = sourcecode.swift; path = WatchSyncManager.swift; sourceTree = "<group>"; };
		8DFF2BE661EFA55C6A52F3C9 /* SettingsView.swift */ = {isa = PBXFileReference; lastKnownFileType = sourcecode.swift; path = SettingsView.swift; sourceTree = "<group>"; };
		92A298979DC746A1EDF15D1D /* ContentView.swift */ = {isa = PBXFileReference; lastKnownFileType = sourcecode.swift; path = ContentView.swift; sourceTree = "<group>"; };
		A414CA326D5F34F11652923B /* PasskeyPeripheral.swift */ = {isa = PBXFileReference; lastKnownFileType = sourcecode.swift; path = PasskeyPeripheral.swift; sourceTree = "<group>"; };
		AB359BAD2FA41F7D00FA6A13 /* QRScannerView.swift */ = {isa = PBXFileReference; lastKnownFileType = sourcecode.swift; path = QRScannerView.swift; sourceTree = "<group>"; };
		AB64F05F2FAC222100995749 /* iCloudBackup.swift */ = {isa = PBXFileReference; lastKnownFileType = sourcecode.swift; path = iCloudBackup.swift; sourceTree = "<group>"; };
		ABE4EE182FA680620023F74F /* PasskeyCentral.swift */ = {isa = PBXFileReference; lastKnownFileType = sourcecode.swift; path = PasskeyCentral.swift; sourceTree = "<group>"; };
		D7ED719BB7ACBEA636B1AEED /* EnrollmentManager.swift */ = {isa = PBXFileReference; lastKnownFileType = sourcecode.swift; path = EnrollmentManager.swift; sourceTree = "<group>"; };
/* End PBXFileReference section */

/* Begin PBXGroup section */
		2673D5EAC6B2C84FD23A1D62 = {
			isa = PBXGroup;
			children = (
				9A8E73C8A77DA116B1753D76 /* CopCarPasskey */,
				8DA85D3DAFEA9410004F0E1C /* CopCarPasskeyShared */,
				2CB1CDD1460EB7BA38FF9139 /* Products */,
			);
			sourceTree = "<group>";
		};
		2CB1CDD1460EB7BA38FF9139 /* Products */ = {
			isa = PBXGroup;
			children = (
				447250360120E41B4B188C39 /* CopCarPasskey.app */,
			);
			name = Products;
			sourceTree = "<group>";
		};
		8DA85D3DAFEA9410004F0E1C /* CopCarPasskeyShared */ = {
			isa = PBXGroup;
			children = (
				572616A12F9D01E9006D7256 /* SessionCrypto.swift */,
				572616A22F9D01E9006D7256 /* SessionKeys.swift */,
				0825D40CB77D273018E8718C /* Constants.swift */,
				040C521D5B09690F70C3FE8C /* HMACAuth.swift */,
				326B33A7251F181F5C46552B /* SecretStore.swift */,
				74E62C8E96E5B021E0C71485 /* WatchSyncManager.swift */,
				AB64F05F2FAC222100995749 /* iCloudBackup.swift */,
			);
			path = CopCarPasskeyShared;
			sourceTree = "<group>";
		};
		9A8E73C8A77DA116B1753D76 /* CopCarPasskey */ = {
			isa = PBXGroup;
			children = (
				5726169F2F9D01A8006D7256 /* ProvisioningManager.swift */,
				92A298979DC746A1EDF15D1D /* ContentView.swift */,
				67E0425F5BFC54AB37D7B80A /* CopCarPasskeyApp.swift */,
				D7ED719BB7ACBEA636B1AEED /* EnrollmentManager.swift */,
				2E33839380A5C51A42F09842 /* Info.plist */,
				A414CA326D5F34F11652923B /* PasskeyPeripheral.swift */,
				8DFF2BE661EFA55C6A52F3C9 /* SettingsView.swift */,
				5796019B2F9B0428001108DF /* Assets 2.xcassets */,
				AB359BAD2FA41F7D00FA6A13 /* QRScannerView.swift */,
				ABE4EE182FA680620023F74F /* PasskeyCentral.swift */,
			);
			path = CopCarPasskey;
			sourceTree = "<group>";
		};
/* End PBXGroup section */

/* Begin PBXNativeTarget section */
		0FD7CE19A67B92A94C69DE6E /* CopCarPasskey */ = {
			isa = PBXNativeTarget;
			buildConfigurationList = EB272093D9E6C2F7CB4BC942 /* Build configuration list for PBXNativeTarget "CopCarPasskey" */;
			buildPhases = (
				E9050A049D24F78E1258D593 /* Sources */,
				5796019C2F9B90A5001108DF /* Resources */,
			);
			buildRules = (
			);
			dependencies = (
			);
			name = CopCarPasskey;
			packageProductDependencies = (
			);
			productName = CopCarPasskey;
			productReference = 447250360120E41B4B188C39 /* CopCarPasskey.app */;
			productType = "com.apple.product-type.application";
		};
/* End PBXNativeTarget section */

/* Begin PBXProject section */
		89C17F80297DBAB77596AD18 /* Project object */ = {
			isa = PBXProject;
			attributes = {
				BuildIndependentTargetsInParallel = YES;
				LastUpgradeCheck = 2640;
			};
			buildConfigurationList = F3222BA2A3D0BD2AFDBEA648 /* Build configuration list for PBXProject "CopCarPasskey" */;
			developmentRegion = en;
			hasScannedForEncodings = 0;
			knownRegions = (
				Base,
				en,
			);
			mainGroup = 2673D5EAC6B2C84FD23A1D62;
			minimizedProjectReferenceProxies = 1;
			preferredProjectObjectVersion = 77;
			productRefGroup = 2CB1CDD1460EB7BA38FF9139 /* Products */;
			projectDirPath = "";
			projectRoot = "";
			targets = (
				0FD7CE19A67B92A94C69DE6E /* CopCarPasskey */,
			);
		};
/* End PBXProject section */

/* Begin PBXResourcesBuildPhase section */
		5796019C2F9B90A5001108DF /* Resources */ = {
			isa = PBXResourcesBuildPhase;
			buildActionMask = 2147483647;
			files = (
				5796019D2F9B90B3001108DF /* Assets 2.xcassets in Resources */,
			);
			runOnlyForDeploymentPostprocessing = 0;
		};
/* End PBXResourcesBuildPhase section */

/* Begin PBXSourcesBuildPhase section */
		E9050A049D24F78E1258D593 /* Sources */ = {
			isa = PBXSourcesBuildPhase;
			buildActionMask = 2147483647;
			files = (
				AB64F0602FAC222100995749 /* iCloudBackup.swift in Sources */,
				572616A02F9D01A8006D7256 /* ProvisioningManager.swift in Sources */,
				01962255BCCE86E9F79EF52C /* Constants.swift in Sources */,
				772E6D552B395E2F4EA80264 /* ContentView.swift in Sources */,
				38CDD4AFE7A582152087AD93 /* CopCarPasskeyApp.swift in Sources */,
				ABE4EE192FA680620023F74F /* PasskeyCentral.swift in Sources */,
				7BFB8C94F598A0140FF6CBE7 /* EnrollmentManager.swift in Sources */,
				8A666C858598E1BE5540F04B /* HMACAuth.swift in Sources */,
				F7A63B61059369021E902A89 /* PasskeyPeripheral.swift in Sources */,
				33584822A9E88E87D022C54D /* SecretStore.swift in Sources */,
				AB359BAE2FA41F7D00FA6A13 /* QRScannerView.swift in Sources */,
				572616A32F9D01E9006D7256 /* SessionKeys.swift in Sources */,
				572616A42F9D01E9006D7256 /* SessionCrypto.swift in Sources */,
				1360A2D08783792A9D84D9CA /* SettingsView.swift in Sources */,
				AB0C7157C662072236F5FFC9 /* WatchSyncManager.swift in Sources */,
			);
			runOnlyForDeploymentPostprocessing = 0;
		};
/* End PBXSourcesBuildPhase section */

/* Begin XCBuildConfiguration section */
		26159AA8936A106A015C5DAB /* Release */ = {
			isa = XCBuildConfiguration;
			buildSettings = {
				ALWAYS_SEARCH_USER_PATHS = NO;
				CLANG_ANALYZER_NONNULL = YES;
				CLANG_ANALYZER_NUMBER_OBJECT_CONVERSION = YES_AGGRESSIVE;
				CLANG_CXX_LANGUAGE_STANDARD = "gnu++14";
				CLANG_CXX_LIBRARY = "libc++";
				CLANG_ENABLE_MODULES = YES;
				CLANG_ENABLE_OBJC_ARC = YES;
				CLANG_ENABLE_OBJC_WEAK = YES;
				CLANG_WARN_BLOCK_CAPTURE_AUTORELEASING = YES;
				CLANG_WARN_BOOL_CONVERSION = YES;
				CLANG_WARN_COMMA = YES;
				CLANG_WARN_CONSTANT_CONVERSION = YES;
				CLANG_WARN_DEPRECATED_OBJC_IMPLEMENTATIONS = YES;
				CLANG_WARN_DIRECT_OBJC_ISA_USAGE = YES_ERROR;
				CLANG_WARN_DOCUMENTATION_COMMENTS = YES;
				CLANG_WARN_EMPTY_BODY = YES;
				CLANG_WARN_ENUM_CONVERSION = YES;
				CLANG_WARN_INFINITE_RECURSION = YES;
				CLANG_WARN_INT_CONVERSION = YES;
				CLANG_WARN_NON_LITERAL_NULL_CONVERSION = YES;
				CLANG_WARN_OBJC_IMPLICIT_RETAIN_SELF = YES;
				CLANG_WARN_OBJC_LITERAL_CONVERSION = YES;
				CLANG_WARN_OBJC_ROOT_CLASS = YES_ERROR;
				CLANG_WARN_QUOTED_INCLUDE_IN_FRAMEWORK_HEADER = YES;
				CLANG_WARN_RANGE_LOOP_ANALYSIS = YES;
				CLANG_WARN_STRICT_PROTOTYPES = YES;
				CLANG_WARN_SUSPICIOUS_MOVE = YES;
				CLANG_WARN_UNGUARDED_AVAILABILITY = YES_AGGRESSIVE;
				CLANG_WARN_UNREACHABLE_CODE = YES;
				CLANG_WARN__DUPLICATE_METHOD_MATCH = YES;
				COPY_PHASE_STRIP = NO;
				DEBUG_INFORMATION_FORMAT = "dwarf-with-dsym";
				ENABLE_NS_ASSERTIONS = NO;
				ENABLE_STRICT_OBJC_MSGSEND = YES;
				ENABLE_USER_SCRIPT_SANDBOXING = YES;
				GCC_C_LANGUAGE_STANDARD = gnu11;
				GCC_NO_COMMON_BLOCKS = YES;
				GCC_WARN_64_TO_32_BIT_CONVERSION = YES;
				GCC_WARN_ABOUT_RETURN_TYPE = YES_ERROR;
				GCC_WARN_UNDECLARED_SELECTOR = YES;
				GCC_WARN_UNINITIALIZED_AUTOS = YES_AGGRESSIVE;
				GCC_WARN_UNUSED_FUNCTION = YES;
				GCC_WARN_UNUSED_VARIABLE = YES;
				IPHONEOS_DEPLOYMENT_TARGET = 26.0;
				MTL_ENABLE_DEBUG_INFO = NO;
				MTL_FAST_MATH = YES;
				ONLY_ACTIVE_ARCH = YES;
				PRODUCT_NAME = "$(TARGET_NAME)";
				SDKROOT = iphoneos;
				STRING_CATALOG_GENERATE_SYMBOLS = YES;
				SWIFT_COMPILATION_MODE = wholemodule;
				SWIFT_OPTIMIZATION_LEVEL = "-O";
				SWIFT_VERSION = 5.0;
				WATCHOS_DEPLOYMENT_TARGET = 26.0;
			};
			name = Release;
		};
		8AF6FA1C01C975CCA4654433 /* Debug */ = {
			isa = XCBuildConfiguration;
			buildSettings = {
				ALWAYS_SEARCH_USER_PATHS = NO;
				CLANG_ANALYZER_NONNULL = YES;
				CLANG_ANALYZER_NUMBER_OBJECT_CONVERSION = YES_AGGRESSIVE;
				CLANG_CXX_LANGUAGE_STANDARD = "gnu++14";
				CLANG_CXX_LIBRARY = "libc++";
				CLANG_ENABLE_MODULES = YES;
				CLANG_ENABLE_OBJC_ARC = YES;
				CLANG_ENABLE_OBJC_WEAK = YES;
				CLANG_WARN_BLOCK_CAPTURE_AUTORELEASING = YES;
				CLANG_WARN_BOOL_CONVERSION = YES;
				CLANG_WARN_COMMA = YES;
				CLANG_WARN_CONSTANT_CONVERSION = YES;
				CLANG_WARN_DEPRECATED_OBJC_IMPLEMENTATIONS = YES;
				CLANG_WARN_DIRECT_OBJC_ISA_USAGE = YES_ERROR;
				CLANG_WARN_DOCUMENTATION_COMMENTS = YES;
				CLANG_WARN_EMPTY_BODY = YES;
				CLANG_WARN_ENUM_CONVERSION = YES;
				CLANG_WARN_INFINITE_RECURSION = YES;
				CLANG_WARN_INT_CONVERSION = YES;
				CLANG_WARN_NON_LITERAL_NULL_CONVERSION = YES;
				CLANG_WARN_OBJC_IMPLICIT_RETAIN_SELF = YES;
				CLANG_WARN_OBJC_LITERAL_CONVERSION = YES;
				CLANG_WARN_OBJC_ROOT_CLASS = YES_ERROR;
				CLANG_WARN_QUOTED_INCLUDE_IN_FRAMEWORK_HEADER = YES;
				CLANG_WARN_RANGE_LOOP_ANALYSIS = YES;
				CLANG_WARN_STRICT_PROTOTYPES = YES;
				CLANG_WARN_SUSPICIOUS_MOVE = YES;
				CLANG_WARN_UNGUARDED_AVAILABILITY = YES_AGGRESSIVE;
				CLANG_WARN_UNREACHABLE_CODE = YES;
				CLANG_WARN__DUPLICATE_METHOD_MATCH = YES;
				COPY_PHASE_STRIP = NO;
				DEBUG_INFORMATION_FORMAT = dwarf;
				ENABLE_STRICT_OBJC_MSGSEND = YES;
				ENABLE_TESTABILITY = YES;
				ENABLE_USER_SCRIPT_SANDBOXING = YES;
				GCC_C_LANGUAGE_STANDARD = gnu11;
				GCC_DYNAMIC_NO_PIC = NO;
				GCC_NO_COMMON_BLOCKS = YES;
				GCC_OPTIMIZATION_LEVEL = 0;
				GCC_PREPROCESSOR_DEFINITIONS = (
					"$(inherited)",
					"DEBUG=1",
				);
				GCC_WARN_64_TO_32_BIT_CONVERSION = YES;
				GCC_WARN_ABOUT_RETURN_TYPE = YES_ERROR;
				GCC_WARN_UNDECLARED_SELECTOR = YES;
				GCC_WARN_UNINITIALIZED_AUTOS = YES_AGGRESSIVE;
				GCC_WARN_UNUSED_FUNCTION = YES;
				GCC_WARN_UNUSED_VARIABLE = YES;
				IPHONEOS_DEPLOYMENT_TARGET = 26.0;
				MTL_ENABLE_DEBUG_INFO = INCLUDE_SOURCE;
				MTL_FAST_MATH = YES;
				ONLY_ACTIVE_ARCH = YES;
				PRODUCT_NAME = "$(TARGET_NAME)";
				SDKROOT = iphoneos;
				STRING_CATALOG_GENERATE_SYMBOLS = YES;
				SWIFT_ACTIVE_COMPILATION_CONDITIONS = DEBUG;
				SWIFT_OPTIMIZATION_LEVEL = "-Onone";
				SWIFT_VERSION = 5.0;
				WATCHOS_DEPLOYMENT_TARGET = 26.0;
			};
			name = Debug;
		};
		9C50A81BF052A728CB9DA3A5 /* Debug */ = {
			isa = XCBuildConfiguration;
			buildSettings = {
				ASSETCATALOG_COMPILER_APPICON_NAME = AppIcon;
				CODE_SIGN_IDENTITY = "Apple Development";
				CODE_SIGN_STYLE = Automatic;
				DEVELOPMENT_TEAM = T4Q38G75Q5;
				INFOPLIST_FILE = CopCarPasskey/Info.plist;
				IPHONEOS_DEPLOYMENT_TARGET = 18.6;
				LD_RUNPATH_SEARCH_PATHS = (
					"$(inherited)",
					"@executable_path/Frameworks",
				);
				PRODUCT_BUNDLE_IDENTIFIER = com.copcar.passkey;
				PROVISIONING_PROFILE_SPECIFIER = "";
				SDKROOT = iphoneos;
				SUPPORTED_PLATFORMS = "iphoneos iphonesimulator";
				SUPPORTS_MACCATALYST = NO;
				SUPPORTS_MAC_DESIGNED_FOR_IPHONE_IPAD = NO;
				SUPPORTS_XR_DESIGNED_FOR_IPHONE_IPAD = NO;
				SWIFT_VERSION = 5.9;
				TARGETED_DEVICE_FAMILY = 1;
			};
			name = Debug;
		};
		ED88CB95C8DC2EC64BECC1AF /* Release */ = {
			isa = XCBuildConfiguration;
			buildSettings = {
				ASSETCATALOG_COMPILER_APPICON_NAME = AppIcon;
				CODE_SIGN_IDENTITY = "Apple Development";
				CODE_SIGN_STYLE = Automatic;
				DEVELOPMENT_TEAM = T4Q38G75Q5;
				INFOPLIST_FILE = CopCarPasskey/Info.plist;
				IPHONEOS_DEPLOYMENT_TARGET = 18.6;
				LD_RUNPATH_SEARCH_PATHS = (
					"$(inherited)",
					"@executable_path/Frameworks",
				);
				PRODUCT_BUNDLE_IDENTIFIER = com.copcar.passkey;
				PROVISIONING_PROFILE_SPECIFIER = "";
				SDKROOT = iphoneos;
				SUPPORTED_PLATFORMS = "iphoneos iphonesimulator";
				SUPPORTS_MACCATALYST = NO;
				SUPPORTS_MAC_DESIGNED_FOR_IPHONE_IPAD = NO;
				SUPPORTS_XR_DESIGNED_FOR_IPHONE_IPAD = NO;
				SWIFT_VERSION = 5.9;
				TARGETED_DEVICE_FAMILY = 1;
			};
			name = Release;
		};
/* End XCBuildConfiguration section */

/* Begin XCConfigurationList section */
		EB272093D9E6C2F7CB4BC942 /* Build configuration list for PBXNativeTarget "CopCarPasskey" */ = {
			isa = XCConfigurationList;
			buildConfigurations = (
				9C50A81BF052A728CB9DA3A5 /* Debug */,
				ED88CB95C8DC2EC64BECC1AF /* Release */,
			);
			defaultConfigurationIsVisible = 0;
			defaultConfigurationName = Debug;
		};
		F3222BA2A3D0BD2AFDBEA648 /* Build configuration list for PBXProject "CopCarPasskey" */ = {
			isa = XCConfigurationList;
			buildConfigurations = (
				8AF6FA1C01C975CCA4654433 /* Debug */,
				26159AA8936A106A015C5DAB /* Release */,
			);
			defaultConfigurationIsVisible = 0;
			defaultConfigurationName = Debug;
		};
/* End XCConfigurationList section */
	};
	rootObject = 89C17F80297DBAB77596AD18 /* Project object */;
}
